// !$*UTF8*$!
{
	archiveVersion = 1;
	classes = {
	};
	objectVersion = 46;
	objects = {

/* Begin PBXBuildFile section */
		980B85431CEB34470057F2EE /* AppDelegate.swift in Sources */ = {isa = PBXBuildFile; fileRef = 980B85421CEB34470057F2EE /* AppDelegate.swift */; };
		980B85451CEB34470057F2EE /* FirstVC.swift in Sources */ = {isa = PBXBuildFile; fileRef = 980B85441CEB34470057F2EE /* FirstVC.swift */; };
		980B85481CEB34470057F2EE /* Main.storyboard in Resources */ = {isa = PBXBuildFile; fileRef = 980B85461CEB34470057F2EE /* Main.storyboard */; };
		980B854A1CEB34470057F2EE /* Assets.xcassets in Resources */ = {isa = PBXBuildFile; fileRef = 980B85491CEB34470057F2EE /* Assets.xcassets */; };
		980B854D1CEB34470057F2EE /* LaunchScreen.storyboard in Resources */ = {isa = PBXBuildFile; fileRef = 980B854B1CEB34470057F2EE /* LaunchScreen.storyboard */; };
		980B85581CEB372C0057F2EE /* CustomButton.swift in Sources */ = {isa = PBXBuildFile; fileRef = 980B85571CEB372C0057F2EE /* CustomButton.swift */; };
		980B855A1CEB38AC0057F2EE /* SecondVC.swift in Sources */ = {isa = PBXBuildFile; fileRef = 980B85591CEB38AC0057F2EE /* SecondVC.swift */; };
		980B855C1CEB44970057F2EE /* CustomCell.swift in Sources */ = {isa = PBXBuildFile; fileRef = 980B855B1CEB44970057F2EE /* CustomCell.swift */; };
		980B855E1CEB46CB0057F2EE /* CustomView.swift in Sources */ = {isa = PBXBuildFile; fileRef = 980B855D1CEB46CB0057F2EE /* CustomView.swift */; };
		980B85601CEB55950057F2EE /* ThirdVC.swift in Sources */ = {isa = PBXBuildFile; fileRef = 980B855F1CEB55950057F2EE /* ThirdVC.swift */; };
		980B85621CEB55BE0057F2EE /* FourthVC.swift in Sources */ = {isa = PBXBuildFile; fileRef = 980B85611CEB55BE0057F2EE /* FourthVC.swift */; };
		980B85641CEB55D20057F2EE /* FifthVC.swift in Sources */ = {isa = PBXBuildFile; fileRef = 980B85631CEB55D20057F2EE /* FifthVC.swift */; };
/* End PBXBuildFile section */

/* Begin PBXFileReference section */
		980B853F1CEB34470057F2EE /* Cars.app */ = {isa = PBXFileReference; explicitFileType = wrapper.application; includeInIndex = 0; path = Cars.app; sourceTree = BUILT_PRODUCTS_DIR; };
		980B85421CEB34470057F2EE /* AppDelegate.swift */ = {isa = PBXFileReference; lastKnownFileType = sourcecode.swift; path = AppDelegate.swift; sourceTree = "<group>"; };
		980B85441CEB34470057F2EE /* FirstVC.swift */ = {isa = PBXFileReference; lastKnownFileType = sourcecode.swift; path = FirstVC.swift; sourceTree = "<group>"; };
		980B85471CEB34470057F2EE /* Base */ = {isa = PBXFileReference; lastKnownFileType = file.storyboard; name = Base; path = Base.lproj/Main.storyboard; sourceTree = "<group>"; };
		980B85491CEB34470057F2EE /* Assets.xcassets */ = {isa = PBXFileReference; lastKnownFileType = folder.assetcatalog; path = Assets.xcassets; sourceTree = "<group>"; };
		980B854C1CEB34470057F2EE /* Base */ = {isa = PBXFileReference; lastKnownFileType = file.storyboard; name = Base; path = Base.lproj/LaunchScreen.storyboard; sourceTree = "<group>"; };
		980B854E1CEB34470057F2EE /* Info.plist */ = {isa = PBXFileReference; lastKnownFileType = text.plist.xml; path = Info.plist; sourceTree = "<group>"; };
		980B85571CEB372C0057F2EE /* CustomButton.swift */ = {isa = PBXFileReference; fileEncoding = 4; lastKnownFileType = sourcecode.swift; path = CustomButton.swift; sourceTree = "<group>"; };
		980B85591CEB38AC0057F2EE /* SecondVC.swift */ = {isa = PBXFileReference; fileEncoding = 4; lastKnownFileType = sourcecode.swift; path = SecondVC.swift; sourceTree = "<group>"; };
		980B855B1CEB44970057F2EE /* CustomCell.swift */ = {isa = PBXFileReference; fileEncoding = 4; lastKnownFileType = sourcecode.swift; path = CustomCell.swift; sourceTree = "<group>"; };
		980B855D1CEB46CB0057F2EE /* CustomView.swift */ = {isa = PBXFileReference; fileEncoding = 4; lastKnownFileType = sourcecode.swift; path = CustomView.swift; sourceTree = "<group>"; };
		980B855F1CEB55950057F2EE /* ThirdVC.swift */ = {isa = PBXFileReference; fileEncoding = 4; lastKnownFileType = sourcecode.swift; path = ThirdVC.swift; sourceTree = "<group>"; };
		980B85611CEB55BE0057F2EE /* FourthVC.swift */ = {isa = PBXFileReference; fileEncoding = 4; lastKnownFileType = sourcecode.swift; path = FourthVC.swift; sourceTree = "<group>"; };
		980B85631CEB55D20057F2EE /* FifthVC.swift */ = {isa = PBXFileReference; fileEncoding = 4; lastKnownFileType = sourcecode.swift; path = FifthVC.swift; sourceTree = "<group>"; };
/* End PBXFileReference section */

/* Begin PBXFrameworksBuildPhase section */
		980B853C1CEB34470057F2EE /* Frameworks */ = {
			isa = PBXFrameworksBuildPhase;
			buildActionMask = 2147483647;
			files = (
			);
			runOnlyForDeploymentPostprocessing = 0;
		};
/* End PBXFrameworksBuildPhase section */

/* Begin PBXGroup section */
		980B85361CEB34470057F2EE = {
			isa = PBXGroup;
			children = (
				980B85411CEB34470057F2EE /* Cars */,
				980B85401CEB34470057F2EE /* Products */,
			);
			sourceTree = "<group>";
		};
		980B85401CEB34470057F2EE /* Products */ = {
			isa = PBXGroup;
			children = (
				980B853F1CEB34470057F2EE /* Cars.app */,
			);
			name = Products;
			sourceTree = "<group>";
		};
		980B85411CEB34470057F2EE /* Cars */ = {
			isa = PBXGroup;
			children = (
				980B85561CEB36F50057F2EE /* Controller */,
				980B85551CEB36F00057F2EE /* View */,
				980B85541CEB36EB0057F2EE /* Model */,
				980B85421CEB34470057F2EE /* AppDelegate.swift */,
				980B85491CEB34470057F2EE /* Assets.xcassets */,
				980B854B1CEB34470057F2EE /* LaunchScreen.storyboard */,
				980B854E1CEB34470057F2EE /* Info.plist */,
			);
			path = Cars;
			sourceTree = "<group>";
		};
		980B85541CEB36EB0057F2EE /* Model */ = {
			isa = PBXGroup;
			children = (
				980B85571CEB372C0057F2EE /* CustomButton.swift */,
				980B855B1CEB44970057F2EE /* CustomCell.swift */,
				980B855D1CEB46CB0057F2EE /* CustomView.swift */,
			);
			name = Model;
			sourceTree = "<group>";
		};
		980B85551CEB36F00057F2EE /* View */ = {
			isa = PBXGroup;
			children = (
				980B85461CEB34470057F2EE /* Main.storyboard */,
			);
			name = View;
			sourceTree = "<group>";
		};
		980B85561CEB36F50057F2EE /* Controller */ = {
			isa = PBXGroup;
			children = (
				980B85441CEB34470057F2EE /* FirstVC.swift */,
				980B85591CEB38AC0057F2EE /* SecondVC.swift */,
				980B855F1CEB55950057F2EE /* ThirdVC.swift */,
				980B85611CEB55BE0057F2EE /* FourthVC.swift */,
				980B85631CEB55D20057F2EE /* FifthVC.swift */,
			);
			name = Controller;
			sourceTree = "<group>";
		};
/* End PBXGroup section */

/* Begin PBXNativeTarget section */
		980B853E1CEB34470057F2EE /* Cars */ = {
			isa = PBXNativeTarget;
			buildConfigurationList = 980B85511CEB34470057F2EE /* Build configuration list for PBXNativeTarget "Cars" */;
			buildPhases = (
				980B853B1CEB34470057F2EE /* Sources */,
				980B853C1CEB34470057F2EE /* Frameworks */,
				980B853D1CEB34470057F2EE /* Resources */,
			);
			buildRules = (
			);
			dependencies = (
			);
			name = Cars;
			productName = Cars;
			productReference = 980B853F1CEB34470057F2EE /* Cars.app */;
			productType = "com.apple.product-type.application";
		};
/* End PBXNativeTarget section */

/* Begin PBXProject section */
		980B85371CEB34470057F2EE /* Project object */ = {
			isa = PBXProject;
			attributes = {
				LastSwiftUpdateCheck = 0730;
				LastUpgradeCheck = 0730;
				ORGANIZATIONNAME = Athic;
				TargetAttributes = {
					980B853E1CEB34470057F2EE = {
						CreatedOnToolsVersion = 7.3.1;
						DevelopmentTeam = 78D3V7RFYQ;
					};
				};
			};
			buildConfigurationList = 980B853A1CEB34470057F2EE /* Build configuration list for PBXProject "Cars" */;
			compatibilityVersion = "Xcode 3.2";
			developmentRegion = English;
			hasScannedForEncodings = 0;
			knownRegions = (
				en,
				Base,
			);
			mainGroup = 980B85361CEB34470057F2EE;
			productRefGroup = 980B85401CEB34470057F2EE /* Products */;
			projectDirPath = "";
			projectRoot = "";
			targets = (
				980B853E1CEB34470057F2EE /* Cars */,
			);
		};
/* End PBXProject section */

/* Begin PBXResourcesBuildPhase section */
		980B853D1CEB34470057F2EE /* Resources */ = {
			isa = PBXResourcesBuildPhase;
			buildActionMask = 2147483647;
			files = (
				980B854D1CEB34470057F2EE /* LaunchScreen.storyboard in Resources */,
				980B854A1CEB34470057F2EE /* Assets.xcassets in Resources */,
				980B85481CEB34470057F2EE /* Main.storyboard in Resources */,
			);
			runOnlyForDeploymentPostprocessing = 0;
		};
/* End PBXResourcesBuildPhase section */

/* Begin PBXSourcesBuildPhase section */
		980B853B1CEB34470057F2EE /* Sources */ = {
			isa = PBXSourcesBuildPhase;
			buildActionMask = 2147483647;
			files = (
				980B85451CEB34470057F2EE /* FirstVC.swift in Sources */,
				980B855E1CEB46CB0057F2EE /* CustomView.swift in Sources */,
				980B85621CEB55BE0057F2EE /* FourthVC.swift in Sources */,
				980B85431CEB34470057F2EE /* AppDelegate.swift in Sources */,
				980B85601CEB55950057F2EE /* ThirdVC.swift in Sources */,
				980B855C1CEB44970057F2EE /* CustomCell.swift in Sources */,
				980B855A1CEB38AC0057F2EE /* SecondVC.swift in Sources */,
				980B85581CEB372C0057F2EE /* CustomButton.swift in Sources */,
				980B85641CEB55D20057F2EE /* FifthVC.swift in Sources */,
			);
			runOnlyForDeploymentPostprocessing = 0;
		};
/* End PBXSourcesBuildPhase section */

/* Begin PBXVariantGroup section */
		980B85461CEB34470057F2EE /* Main.storyboard */ = {
			isa = PBXVariantGroup;
			children = (
				980B85471CEB34470057F2EE /* Base */,
			);
			name = Main.storyboard;
			sourceTree = "<group>";
		};
		980B854B1CEB34470057F2EE /* LaunchScreen.storyboard */ = {
			isa = PBXVariantGroup;
			children = (
				980B854C1CEB34470057F2EE /* Base */,
			);
			name = LaunchScreen.storyboard;
			sourceTree = "<group>";
		};
/* End PBXVariantGroup section */

/* Begin XCBuildConfiguration section */
		980B854F1CEB34470057F2EE /* Debug */ = {
			isa = XCBuildConfiguration;
			buildSettings = {
				ALWAYS_SEARCH_USER_PATHS = NO;
				CLANG_ANALYZER_NONNULL = YES;
				CLANG_CXX_LANGUAGE_STANDARD = "gnu++0x";
				CLANG_CXX_LIBRARY = "libc++";
				CLANG_ENABLE_MODULES = YES;
				CLANG_ENABLE_OBJC_ARC = YES;
				CLANG_WARN_BOOL_CONVERSION = YES;
				CLANG_WARN_CONSTANT_CONVERSION = YES;
				CLANG_WARN_DIRECT_OBJC_ISA_USAGE = YES_ERROR;
				CLANG_WARN_EMPTY_BODY = YES;
				CLANG_WARN_ENUM_CONVERSION = YES;
				CLANG_WARN_INT_CONVERSION = YES;
				CLANG_WARN_OBJC_ROOT_CLASS = YES_ERROR;
				CLANG_WARN_UNREACHABLE_CODE = YES;
				CLANG_WARN__DUPLICATE_METHOD_MATCH = YES;
				"CODE_SIGN_IDENTITY[sdk=iphoneos*]" = "iPhone Developer";
				COPY_PHASE_STRIP = NO;
				DEBUG_INFORMATION_FORMAT = dwarf;
				ENABLE_STRICT_OBJC_MSGSEND = YES;
				ENABLE_TESTABILITY = YES;
				GCC_C_LANGUAGE_STANDARD = gnu99;
				GCC_DYNAMIC_NO_PIC = NO;
				GCC_NO_COMMON_BLOCKS = YES;
				GCC_OPTIMIZATION_LEVEL = 0;
				GCC_PREPROCESSOR_DEFINITIONS = (
					"DEBUG=1",
					"$(inherited)",
				);
				GCC_WARN_64_TO_32_BIT_CONVERSION = YES;
				GCC_WARN_ABOUT_RETURN_TYPE = YES_ERROR;
				GCC_WARN_UNDECLARED_SELECTOR = YES;
				GCC_WARN_UNINITIALIZED_AUTOS = YES_AGGRESSIVE;
				GCC_WARN_UNUSED_FUNCTION = YES;
				GCC_WARN_UNUSED_VARIABLE = YES;
				IPHONEOS_DEPLOYMENT_TARGET = 9.3;
				MTL_ENABLE_DEBUG_INFO = YES;
				ONLY_ACTIVE_ARCH = YES;
				SDKROOT = iphoneos;
				SWIFT_OPTIMIZATION_LEVEL = "-Onone";
				TARGETED_DEVICE_FAMILY = "1,2";
			};
			name = Debug;
		};
		980B85501CEB34470057F2EE /* Release */ = {
			isa = XCBuildConfiguration;
			buildSettings = {
				ALWAYS_SEARCH_USER_PATHS = NO;
				CLANG_ANALYZER_NONNULL = YES;
				CLANG_CXX_LANGUAGE_STANDARD = "gnu++0x";
				CLANG_CXX_LIBRARY = "libc++";
				CLANG_ENABLE_MODULES = YES;
				CLANG_ENABLE_OBJC_ARC = YES;
				CLANG_WARN_BOOL_CONVERSION = YES;
				CLANG_WARN_CONSTANT_CONVERSION = YES;
				CLANG_WARN_DIRECT_OBJC_ISA_USAGE = YES_ERROR;
				CLANG_WARN_EMPTY_BODY = YES;
				CLANG_WARN_ENUM_CONVERSION = YES;
				CLANG_WARN_INT_CONVERSION = YES;
				CLANG_WARN_OBJC_ROOT_CLASS = YES_ERROR;
				CLANG_WARN_UNREACHABLE_CODE = YES;
				CLANG_WARN__DUPLICATE_METHOD_MATCH = YES;
				"CODE_SIGN_IDENTITY[sdk=iphoneos*]" = "iPhone Developer";
				COPY_PHASE_STRIP = NO;
				DEBUG_INFORMATION_FORMAT = "dwarf-with-dsym";
				ENABLE_NS_ASSERTIONS = NO;
				ENABLE_STRICT_OBJC_MSGSEND = YES;
				GCC_C_LANGUAGE_STANDARD = gnu99;
				GCC_NO_COMMON_BLOCKS = YES;
				GCC_WARN_64_TO_32_BIT_CONVERSION = YES;
				GCC_WARN_ABOUT_RETURN_TYPE = YES_ERROR;
				GCC_WARN_UNDECLARED_SELECTOR = YES;
				GCC_WARN_UNINITIALIZED_AUTOS = YES_AGGRESSIVE;
				GCC_WARN_UNUSED_FUNCTION = YES;
				GCC_WARN_UNUSED_VARIABLE = YES;
				IPHONEOS_DEPLOYMENT_TARGET = 9.3;
				MTL_ENABLE_DEBUG_INFO = NO;
				SDKROOT = iphoneos;
				TARGETED_DEVICE_FAMILY = "1,2";
				VALIDATE_PRODUCT = YES;
			};
			name = Release;
		};
		980B85521CEB34470057F2EE /* Debug */ = {
			isa = XCBuildConfiguration;
			buildSettings = {
				ASSETCATALOG_COMPILER_APPICON_NAME = AppIcon;
				INFOPLIST_FILE = Cars/Info.plist;
				LD_RUNPATH_SEARCH_PATHS = "$(inherited) @executable_path/Frameworks";
				PRODUCT_BUNDLE_IDENTIFIER = com.Athic.Cars;
				PRODUCT_NAME = "$(TARGET_NAME)";
			};
			name = Debug;
		};
		980B85531CEB34470057F2EE /* Release */ = {
			isa = XCBuildConfiguration;
			buildSettings = {
				ASSETCATALOG_COMPILER_APPICON_NAME = AppIcon;
				INFOPLIST_FILE = Cars/Info.plist;
				LD_RUNPATH_SEARCH_PATHS = "$(inherited) @executable_path/Frameworks";
				PRODUCT_BUNDLE_IDENTIFIER = com.Athic.Cars;
				PRODUCT_NAME = "$(TARGET_NAME)";
			};
			name = Release;
		};
/* End XCBuildConfiguration section */

/* Begin XCConfigurationList section */
		980B853A1CEB34470057F2EE /* Build configuration list for PBXProject "Cars" */ = {
			isa = XCConfigurationList;
			buildConfigurations = (
				980B854F1CEB34470057F2EE /* Debug */,
				980B85501CEB34470057F2EE /* Release */,
			);
			defaultConfigurationIsVisible = 0;
			defaultConfigurationName = Release;
		};
		980B85511CEB34470057F2EE /* Build configuration list for PBXNativeTarget "Cars" */ = {
			isa = XCConfigurationList;
			buildConfigurations = (
				980B85521CEB34470057F2EE /* Debug */,
				980B85531CEB34470057F2EE /* Release */,
			);
			defaultConfigurationIsVisible = 0;
		};
/* End XCConfigurationList section */
	};
	rootObject = 980B85371CEB34470057F2EE /* Project object */;
}
